// !$*UTF8*$!
{
	archiveVersion = 1;
	classes = {
	};
	objectVersion = 46;
	objects = {

/* Begin PBXBuildFile section */
		2B25F71F1DDBC9B2005D6880 /* RestaurantAnnotation.swift in Sources */ = {isa = PBXBuildFile; fileRef = 2B25F71E1DDBC9B2005D6880 /* RestaurantAnnotation.swift */; };
		2B25F7211DDBCBE7005D6880 /* MapDataManager.swift in Sources */ = {isa = PBXBuildFile; fileRef = 2B25F7201DDBCBE7005D6880 /* MapDataManager.swift */; };
		2B25F7231DDBCF14005D6880 /* MapLocations.plist in Resources */ = {isa = PBXBuildFile; fileRef = 2B25F7221DDBCF14005D6880 /* MapLocations.plist */; };
		2B25F7251DDBCFE0005D6880 /* DataManager.swift in Sources */ = {isa = PBXBuildFile; fileRef = 2B25F7241DDBCFE0005D6880 /* DataManager.swift */; };
		2B25F7271DDBD681005D6880 /* MapViewController.swift in Sources */ = {isa = PBXBuildFile; fileRef = 2B25F7261DDBD681005D6880 /* MapViewController.swift */; };
		2B25F7291DDBDC27005D6880 /* RestaurantDetail.storyboard in Resources */ = {isa = PBXBuildFile; fileRef = 2B25F7281DDBDC27005D6880 /* RestaurantDetail.storyboard */; };
		2B25F72D1DDBDEF1005D6880 /* Segue.swift in Sources */ = {isa = PBXBuildFile; fileRef = 2B25F72C1DDBDEF1005D6880 /* Segue.swift */; };
		2B25F7301DDBE26A005D6880 /* RestaurantItem.swift in Sources */ = {isa = PBXBuildFile; fileRef = 2B25F72F1DDBE26A005D6880 /* RestaurantItem.swift */; };
		2B25F7341DDBEBAC005D6880 /* RestaurantDetailViewController.swift in Sources */ = {isa = PBXBuildFile; fileRef = 2B25F7331DDBEBAC005D6880 /* RestaurantDetailViewController.swift */; };
		2B26B3281DD4A12100C3115B /* Explore.storyboard in Resources */ = {isa = PBXBuildFile; fileRef = 2B26B3251DD4A12100C3115B /* Explore.storyboard */; };
		2B26B3291DD4A12100C3115B /* Main.storyboard in Resources */ = {isa = PBXBuildFile; fileRef = 2B26B3261DD4A12100C3115B /* Main.storyboard */; };
		2B26B32A1DD4A12100C3115B /* Map.storyboard in Resources */ = {isa = PBXBuildFile; fileRef = 2B26B3271DD4A12100C3115B /* Map.storyboard */; };
		2B26B32F1DD4A72000C3115B /* LocationViewController.swift in Sources */ = {isa = PBXBuildFile; fileRef = 2B26B32E1DD4A72000C3115B /* LocationViewController.swift */; };
		2B26B3311DD4ABF100C3115B /* Locations.plist in Resources */ = {isa = PBXBuildFile; fileRef = 2B26B3301DD4ABF100C3115B /* Locations.plist */; };
		2B26B3331DD4AC1200C3115B /* LocationDataManager.swift in Sources */ = {isa = PBXBuildFile; fileRef = 2B26B3321DD4AC1200C3115B /* LocationDataManager.swift */; };
		2B2F54DA1DBD421C00394E75 /* MapKit.framework in Frameworks */ = {isa = PBXBuildFile; fileRef = 2B2F54D91DBD421C00394E75 /* MapKit.framework */; };
		2B91A1811DE5176C00F79AC2 /* RestaurantAPIManager.swift in Sources */ = {isa = PBXBuildFile; fileRef = 2B91A1801DE5176C00F79AC2 /* RestaurantAPIManager.swift */; };
		2B91A1921DE522F800F79AC2 /* Aspen.json in Resources */ = {isa = PBXBuildFile; fileRef = 2B91A1841DE522F800F79AC2 /* Aspen.json */; };
		2B91A1931DE522F800F79AC2 /* Boston.json in Resources */ = {isa = PBXBuildFile; fileRef = 2B91A1851DE522F800F79AC2 /* Boston.json */; };
		2B91A1941DE522F800F79AC2 /* Charleston.json in Resources */ = {isa = PBXBuildFile; fileRef = 2B91A1861DE522F800F79AC2 /* Charleston.json */; };
		2B91A1951DE522F800F79AC2 /* Chicago.json in Resources */ = {isa = PBXBuildFile; fileRef = 2B91A1871DE522F800F79AC2 /* Chicago.json */; };
		2B91A1961DE522F800F79AC2 /* Houston.json in Resources */ = {isa = PBXBuildFile; fileRef = 2B91A1881DE522F800F79AC2 /* Houston.json */; };
		2B91A1971DE522F800F79AC2 /* Las Vegas.json in Resources */ = {isa = PBXBuildFile; fileRef = 2B91A1891DE522F800F79AC2 /* Las Vegas.json */; };
		2B91A1981DE522F800F79AC2 /* Los Angeles.json in Resources */ = {isa = PBXBuildFile; fileRef = 2B91A18A1DE522F800F79AC2 /* Los Angeles.json */; };
		2B91A1991DE522F800F79AC2 /* Miami.json in Resources */ = {isa = PBXBuildFile; fileRef = 2B91A18B1DE522F800F79AC2 /* Miami.json */; };
		2B91A19A1DE522F800F79AC2 /* New Orleans.json in Resources */ = {isa = PBXBuildFile; fileRef = 2B91A18C1DE522F800F79AC2 /* New Orleans.json */; };
		2B91A19B1DE522F800F79AC2 /* New York.json in Resources */ = {isa = PBXBuildFile; fileRef = 2B91A18D1DE522F800F79AC2 /* New York.json */; };
		2B91A19C1DE522F800F79AC2 /* Philadelphia.json in Resources */ = {isa = PBXBuildFile; fileRef = 2B91A18E1DE522F800F79AC2 /* Philadelphia.json */; };
		2B91A19D1DE522F800F79AC2 /* Portland.json in Resources */ = {isa = PBXBuildFile; fileRef = 2B91A18F1DE522F800F79AC2 /* Portland.json */; };
		2B91A19E1DE522F800F79AC2 /* San Antonio.json in Resources */ = {isa = PBXBuildFile; fileRef = 2B91A1901DE522F800F79AC2 /* San Antonio.json */; };
		2B91A19F1DE522F800F79AC2 /* San Francisco.json in Resources */ = {isa = PBXBuildFile; fileRef = 2B91A1911DE522F800F79AC2 /* San Francisco.json */; };
		2B91A1A11DE523C500F79AC2 /* RestaurantCell.swift in Sources */ = {isa = PBXBuildFile; fileRef = 2B91A1A01DE523C500F79AC2 /* RestaurantCell.swift */; };
		2B91A1A31DE527FE00F79AC2 /* RestaurantDataManager.swift in Sources */ = {isa = PBXBuildFile; fileRef = 2B91A1A21DE527FE00F79AC2 /* RestaurantDataManager.swift */; };
		2B91A1A81DE55D7200F79AC2 /* CreateReviewViewController.swift in Sources */ = {isa = PBXBuildFile; fileRef = 2B91A1A71DE55D7200F79AC2 /* CreateReviewViewController.swift */; };
		2B91A1AA1DE55FD100F79AC2 /* FilterData.plist in Resources */ = {isa = PBXBuildFile; fileRef = 2B91A1A91DE55FD100F79AC2 /* FilterData.plist */; };
		2B91A1AC1DE55FE700F79AC2 /* FilterItem.swift in Sources */ = {isa = PBXBuildFile; fileRef = 2B91A1AB1DE55FE700F79AC2 /* FilterItem.swift */; };
		2B91A1AE1DE55FF900F79AC2 /* FilterManager.swift in Sources */ = {isa = PBXBuildFile; fileRef = 2B91A1AD1DE55FF900F79AC2 /* FilterManager.swift */; };
		2B91A1B21DE560A900F79AC2 /* ImageFiltering.swift in Sources */ = {isa = PBXBuildFile; fileRef = 2B91A1B11DE560A900F79AC2 /* ImageFiltering.swift */; };
		2B91A1B41DE560E600F79AC2 /* PhotoItem.swift in Sources */ = {isa = PBXBuildFile; fileRef = 2B91A1B31DE560E600F79AC2 /* PhotoItem.swift */; };
		2B91A1B61DE5611D00F79AC2 /* ApplyFilterViewController.swift in Sources */ = {isa = PBXBuildFile; fileRef = 2B91A1B51DE5611D00F79AC2 /* ApplyFilterViewController.swift */; };
		2BA93BF41DBBD6880038396F /* AppDelegate.swift in Sources */ = {isa = PBXBuildFile; fileRef = 2BA93BF31DBBD6880038396F /* AppDelegate.swift */; };
		2BA93BFE1DBBD6880038396F /* LaunchScreen.storyboard in Resources */ = {isa = PBXBuildFile; fileRef = 2BA93BFC1DBBD6880038396F /* LaunchScreen.storyboard */; };
		2BBAD4DA1DC77E2E00A9E504 /* ExploreViewController.swift in Sources */ = {isa = PBXBuildFile; fileRef = 2BBAD4D91DC77E2E00A9E504 /* ExploreViewController.swift */; };
		2BC8A5321DBBDE950036272A /* Assets.xcassets in Resources */ = {isa = PBXBuildFile; fileRef = 2BC8A5311DBBDE950036272A /* Assets.xcassets */; };
		2BD9468C1DC927E2009FECE1 /* ExploreItem.swift in Sources */ = {isa = PBXBuildFile; fileRef = 2BD9468B1DC927E2009FECE1 /* ExploreItem.swift */; };
		2BD9468E1DC928E6009FECE1 /* ExploreDataManager.swift in Sources */ = {isa = PBXBuildFile; fileRef = 2BD9468D1DC928E6009FECE1 /* ExploreDataManager.swift */; };
		2BD946901DC92F05009FECE1 /* ExploreData.plist in Resources */ = {isa = PBXBuildFile; fileRef = 2BD9468F1DC92F05009FECE1 /* ExploreData.plist */; };
		2BD946921DC94733009FECE1 /* ExploreCell.swift in Sources */ = {isa = PBXBuildFile; fileRef = 2BD946911DC94733009FECE1 /* ExploreCell.swift */; };
		2BD9469E1DC95C9E009FECE1 /* RestaurantListViewController.swift in Sources */ = {isa = PBXBuildFile; fileRef = 2BD9469D1DC95C9E009FECE1 /* RestaurantListViewController.swift */; };
/* End PBXBuildFile section */

/* Begin PBXFileReference section */
		2B25F71E1DDBC9B2005D6880 /* RestaurantAnnotation.swift */ = {isa = PBXFileReference; fileEncoding = 4; lastKnownFileType = sourcecode.swift; path = RestaurantAnnotation.swift; sourceTree = "<group>"; };
		2B25F7201DDBCBE7005D6880 /* MapDataManager.swift */ = {isa = PBXFileReference; fileEncoding = 4; lastKnownFileType = sourcecode.swift; path = MapDataManager.swift; sourceTree = "<group>"; };
		2B25F7221DDBCF14005D6880 /* MapLocations.plist */ = {isa = PBXFileReference; fileEncoding = 4; lastKnownFileType = text.plist.xml; path = MapLocations.plist; sourceTree = "<group>"; };
		2B25F7241DDBCFE0005D6880 /* DataManager.swift */ = {isa = PBXFileReference; fileEncoding = 4; lastKnownFileType = sourcecode.swift; path = DataManager.swift; sourceTree = "<group>"; };
		2B25F7261DDBD681005D6880 /* MapViewController.swift */ = {isa = PBXFileReference; fileEncoding = 4; lastKnownFileType = sourcecode.swift; path = MapViewController.swift; sourceTree = "<group>"; };
		2B25F7281DDBDC27005D6880 /* RestaurantDetail.storyboard */ = {isa = PBXFileReference; fileEncoding = 4; lastKnownFileType = file.storyboard; path = RestaurantDetail.storyboard; sourceTree = "<group>"; };
		2B25F72C1DDBDEF1005D6880 /* Segue.swift */ = {isa = PBXFileReference; fileEncoding = 4; lastKnownFileType = sourcecode.swift; path = Segue.swift; sourceTree = "<group>"; };
		2B25F72F1DDBE26A005D6880 /* RestaurantItem.swift */ = {isa = PBXFileReference; fileEncoding = 4; lastKnownFileType = sourcecode.swift; path = RestaurantItem.swift; sourceTree = "<group>"; };
		2B25F7331DDBEBAC005D6880 /* RestaurantDetailViewController.swift */ = {isa = PBXFileReference; fileEncoding = 4; lastKnownFileType = sourcecode.swift; path = RestaurantDetailViewController.swift; sourceTree = "<group>"; };
		2B26B3251DD4A12100C3115B /* Explore.storyboard */ = {isa = PBXFileReference; fileEncoding = 4; lastKnownFileType = file.storyboard; path = Explore.storyboard; sourceTree = "<group>"; };
		2B26B3261DD4A12100C3115B /* Main.storyboard */ = {isa = PBXFileReference; fileEncoding = 4; lastKnownFileType = file.storyboard; path = Main.storyboard; sourceTree = "<group>"; };
		2B26B3271DD4A12100C3115B /* Map.storyboard */ = {isa = PBXFileReference; fileEncoding = 4; lastKnownFileType = file.storyboard; path = Map.storyboard; sourceTree = "<group>"; };
		2B26B32E1DD4A72000C3115B /* LocationViewController.swift */ = {isa = PBXFileReference; fileEncoding = 4; lastKnownFileType = sourcecode.swift; path = LocationViewController.swift; sourceTree = "<group>"; };
		2B26B3301DD4ABF100C3115B /* Locations.plist */ = {isa = PBXFileReference; fileEncoding = 4; lastKnownFileType = text.plist.xml; path = Locations.plist; sourceTree = "<group>"; };
		2B26B3321DD4AC1200C3115B /* LocationDataManager.swift */ = {isa = PBXFileReference; fileEncoding = 4; lastKnownFileType = sourcecode.swift; path = LocationDataManager.swift; sourceTree = "<group>"; };
		2B2F54D91DBD421C00394E75 /* MapKit.framework */ = {isa = PBXFileReference; lastKnownFileType = wrapper.framework; name = MapKit.framework; path = System/Library/Frameworks/MapKit.framework; sourceTree = SDKROOT; };
		2B91A1801DE5176C00F79AC2 /* RestaurantAPIManager.swift */ = {isa = PBXFileReference; fileEncoding = 4; lastKnownFileType = sourcecode.swift; path = RestaurantAPIManager.swift; sourceTree = "<group>"; };
		2B91A1841DE522F800F79AC2 /* Aspen.json */ = {isa = PBXFileReference; fileEncoding = 4; lastKnownFileType = text.json; path = Aspen.json; sourceTree = "<group>"; };
		2B91A1851DE522F800F79AC2 /* Boston.json */ = {isa = PBXFileReference; fileEncoding = 4; lastKnownFileType = text.json; path = Boston.json; sourceTree = "<group>"; };
		2B91A1861DE522F800F79AC2 /* Charleston.json */ = {isa = PBXFileReference; fileEncoding = 4; lastKnownFileType = text.json; path = Charleston.json; sourceTree = "<group>"; };
		2B91A1871DE522F800F79AC2 /* Chicago.json */ = {isa = PBXFileReference; fileEncoding = 4; lastKnownFileType = text.json; path = Chicago.json; sourceTree = "<group>"; };
		2B91A1881DE522F800F79AC2 /* Houston.json */ = {isa = PBXFileReference; fileEncoding = 4; lastKnownFileType = text.json; path = Houston.json; sourceTree = "<group>"; };
		2B91A1891DE522F800F79AC2 /* Las Vegas.json */ = {isa = PBXFileReference; fileEncoding = 4; lastKnownFileType = text.json; path = "Las Vegas.json"; sourceTree = "<group>"; };
		2B91A18A1DE522F800F79AC2 /* Los Angeles.json */ = {isa = PBXFileReference; fileEncoding = 4; lastKnownFileType = text.json; path = "Los Angeles.json"; sourceTree = "<group>"; };
		2B91A18B1DE522F800F79AC2 /* Miami.json */ = {isa = PBXFileReference; fileEncoding = 4; lastKnownFileType = text.json; path = Miami.json; sourceTree = "<group>"; };
		2B91A18C1DE522F800F79AC2 /* New Orleans.json */ = {isa = PBXFileReference; fileEncoding = 4; lastKnownFileType = text.json; path = "New Orleans.json"; sourceTree = "<group>"; };
		2B91A18D1DE522F800F79AC2 /* New York.json */ = {isa = PBXFileReference; fileEncoding = 4; lastKnownFileType = text.json; path = "New York.json"; sourceTree = "<group>"; };
		2B91A18E1DE522F800F79AC2 /* Philadelphia.json */ = {isa = PBXFileReference; fileEncoding = 4; lastKnownFileType = text.json; path = Philadelphia.json; sourceTree = "<group>"; };
		2B91A18F1DE522F800F79AC2 /* Portland.json */ = {isa = PBXFileReference; fileEncoding = 4; lastKnownFileType = text.json; path = Portland.json; sourceTree = "<group>"; };
		2B91A1901DE522F800F79AC2 /* San Antonio.json */ = {isa = PBXFileReference; fileEncoding = 4; lastKnownFileType = text.json; path = "San Antonio.json"; sourceTree = "<group>"; };
		2B91A1911DE522F800F79AC2 /* San Francisco.json */ = {isa = PBXFileReference; fileEncoding = 4; lastKnownFileType = text.json; path = "San Francisco.json"; sourceTree = "<group>"; };
		2B91A1A01DE523C500F79AC2 /* RestaurantCell.swift */ = {isa = PBXFileReference; fileEncoding = 4; lastKnownFileType = sourcecode.swift; path = RestaurantCell.swift; sourceTree = "<group>"; };
		2B91A1A21DE527FE00F79AC2 /* RestaurantDataManager.swift */ = {isa = PBXFileReference; fileEncoding = 4; lastKnownFileType = sourcecode.swift; path = RestaurantDataManager.swift; sourceTree = "<group>"; };
		2B91A1A71DE55D7200F79AC2 /* CreateReviewViewController.swift */ = {isa = PBXFileReference; fileEncoding = 4; lastKnownFileType = sourcecode.swift; path = CreateReviewViewController.swift; sourceTree = "<group>"; };
		2B91A1A91DE55FD100F79AC2 /* FilterData.plist */ = {isa = PBXFileReference; fileEncoding = 4; lastKnownFileType = text.plist.xml; path = FilterData.plist; sourceTree = "<group>"; };
		2B91A1AB1DE55FE700F79AC2 /* FilterItem.swift */ = {isa = PBXFileReference; fileEncoding = 4; lastKnownFileType = sourcecode.swift; path = FilterItem.swift; sourceTree = "<group>"; };
		2B91A1AD1DE55FF900F79AC2 /* FilterManager.swift */ = {isa = PBXFileReference; fileEncoding = 4; lastKnownFileType = sourcecode.swift; path = FilterManager.swift; sourceTree = "<group>"; };
		2B91A1B11DE560A900F79AC2 /* ImageFiltering.swift */ = {isa = PBXFileReference; fileEncoding = 4; lastKnownFileType = sourcecode.swift; path = ImageFiltering.swift; sourceTree = "<group>"; };
		2B91A1B31DE560E600F79AC2 /* PhotoItem.swift */ = {isa = PBXFileReference; fileEncoding = 4; lastKnownFileType = sourcecode.swift; path = PhotoItem.swift; sourceTree = "<group>"; };
		2B91A1B51DE5611D00F79AC2 /* ApplyFilterViewController.swift */ = {isa = PBXFileReference; fileEncoding = 4; lastKnownFileType = sourcecode.swift; path = ApplyFilterViewController.swift; sourceTree = "<group>"; };
		2BA93BF01DBBD6880038396F /* LetsEat.app */ = {isa = PBXFileReference; explicitFileType = wrapper.application; includeInIndex = 0; path = LetsEat.app; sourceTree = BUILT_PRODUCTS_DIR; };
		2BA93BF31DBBD6880038396F /* AppDelegate.swift */ = {isa = PBXFileReference; lastKnownFileType = sourcecode.swift; path = AppDelegate.swift; sourceTree = "<group>"; };
		2BA93BFD1DBBD6880038396F /* Base */ = {isa = PBXFileReference; lastKnownFileType = file.storyboard; name = Base; path = Base.lproj/LaunchScreen.storyboard; sourceTree = "<group>"; };
		2BA93BFF1DBBD6880038396F /* Info.plist */ = {isa = PBXFileReference; lastKnownFileType = text.plist.xml; path = Info.plist; sourceTree = "<group>"; };
		2BBAD4D91DC77E2E00A9E504 /* ExploreViewController.swift */ = {isa = PBXFileReference; fileEncoding = 4; lastKnownFileType = sourcecode.swift; path = ExploreViewController.swift; sourceTree = "<group>"; };
		2BC8A5311DBBDE950036272A /* Assets.xcassets */ = {isa = PBXFileReference; lastKnownFileType = folder.assetcatalog; path = Assets.xcassets; sourceTree = "<group>"; };
		2BD9468B1DC927E2009FECE1 /* ExploreItem.swift */ = {isa = PBXFileReference; fileEncoding = 4; lastKnownFileType = sourcecode.swift; path = ExploreItem.swift; sourceTree = "<group>"; };
		2BD9468D1DC928E6009FECE1 /* ExploreDataManager.swift */ = {isa = PBXFileReference; fileEncoding = 4; lastKnownFileType = sourcecode.swift; path = ExploreDataManager.swift; sourceTree = "<group>"; };
		2BD9468F1DC92F05009FECE1 /* ExploreData.plist */ = {isa = PBXFileReference; fileEncoding = 4; lastKnownFileType = text.plist.xml; path = ExploreData.plist; sourceTree = "<group>"; };
		2BD946911DC94733009FECE1 /* ExploreCell.swift */ = {isa = PBXFileReference; fileEncoding = 4; lastKnownFileType = sourcecode.swift; path = ExploreCell.swift; sourceTree = "<group>"; };
		2BD9469D1DC95C9E009FECE1 /* RestaurantListViewController.swift */ = {isa = PBXFileReference; fileEncoding = 4; lastKnownFileType = sourcecode.swift; path = RestaurantListViewController.swift; sourceTree = "<group>"; };
/* End PBXFileReference section */

/* Begin PBXFrameworksBuildPhase section */
		2BA93BED1DBBD6880038396F /* Frameworks */ = {
			isa = PBXFrameworksBuildPhase;
			buildActionMask = 2147483647;
			files = (
				2B2F54DA1DBD421C00394E75 /* MapKit.framework in Frameworks */,
			);
			runOnlyForDeploymentPostprocessing = 0;
		};
/* End PBXFrameworksBuildPhase section */

/* Begin PBXGroup section */
		2B25F71C1DDBC942005D6880 /* Controller */ = {
			isa = PBXGroup;
			children = (
				2B25F7261DDBD681005D6880 /* MapViewController.swift */,
			);
			name = Controller;
			sourceTree = "<group>";
		};
		2B25F71D1DDBC98E005D6880 /* Model */ = {
			isa = PBXGroup;
			children = (
				2B25F7221DDBCF14005D6880 /* MapLocations.plist */,
				2B25F71E1DDBC9B2005D6880 /* RestaurantAnnotation.swift */,
				2B25F7201DDBCBE7005D6880 /* MapDataManager.swift */,
			);
			name = Model;
			sourceTree = "<group>";
		};
		2B25F72B1DDBDEE0005D6880 /* Misc */ = {
			isa = PBXGroup;
			children = (
				2B91A1821DE522B900F79AC2 /* API Manager */,
				2B25F7241DDBCFE0005D6880 /* DataManager.swift */,
				2B25F72C1DDBDEF1005D6880 /* Segue.swift */,
			);
			name = Misc;
			sourceTree = "<group>";
		};
		2B25F72E1DDBE256005D6880 /* Model */ = {
			isa = PBXGroup;
			children = (
				2B25F72F1DDBE26A005D6880 /* RestaurantItem.swift */,
				2B91A1A21DE527FE00F79AC2 /* RestaurantDataManager.swift */,
			);
			name = Model;
			sourceTree = "<group>";
		};
		2B25F7311DDBEB84005D6880 /* Restaurant Detail */ = {
			isa = PBXGroup;
			children = (
				2B25F7321DDBEB8C005D6880 /* Controller */,
			);
			name = "Restaurant Detail";
			sourceTree = "<group>";
		};
		2B25F7321DDBEB8C005D6880 /* Controller */ = {
			isa = PBXGroup;
			children = (
				2B25F7331DDBEBAC005D6880 /* RestaurantDetailViewController.swift */,
			);
			name = Controller;
			sourceTree = "<group>";
		};
		2B26B32B1DD4A6EF00C3115B /* Model */ = {
			isa = PBXGroup;
			children = (
				2B26B3301DD4ABF100C3115B /* Locations.plist */,
				2B26B3321DD4AC1200C3115B /* LocationDataManager.swift */,
			);
			name = Model;
			sourceTree = "<group>";
		};
		2B26B32C1DD4A6F400C3115B /* Controller */ = {
			isa = PBXGroup;
			children = (
				2B26B32E1DD4A72000C3115B /* LocationViewController.swift */,
			);
			name = Controller;
			sourceTree = "<group>";
		};
		2B26B32D1DD4A70700C3115B /* View */ = {
			isa = PBXGroup;
			children = (
			);
			name = View;
			sourceTree = "<group>";
		};
		2B2F54D81DBD421C00394E75 /* Frameworks */ = {
			isa = PBXGroup;
			children = (
				2B2F54D91DBD421C00394E75 /* MapKit.framework */,
			);
			name = Frameworks;
			sourceTree = "<group>";
		};
		2B2F54E31DBD570F00394E75 /* Assets */ = {
			isa = PBXGroup;
			children = (
				2BA93BFF1DBBD6880038396F /* Info.plist */,
				2BC8A5311DBBDE950036272A /* Assets.xcassets */,
				2B2F54EE1DBD5FBC00394E75 /* Images */,
				2B2F54ED1DBD5FA500394E75 /* Storyboard */,
			);
			name = Assets;
			sourceTree = "<group>";
		};
		2B2F54E41DBD573400394E75 /* Application */ = {
			isa = PBXGroup;
			children = (
				2B2F54EC1DBD580600394E75 /* Main */,
				2B2F54EB1DBD57FA00394E75 /* Explore */,
				2B2F54EA1DBD57F300394E75 /* Restaurant */,
				2B2F54E91DBD57EE00394E75 /* Map */,
				2B2F54E81DBD57E900394E75 /* Location */,
				2B2F54E71DBD57E300394E75 /* Review */,
				2B2F54E61DBD57D900394E75 /* Review List */,
				2B2F54E51DBD57D400394E75 /* Common */,
			);
			name = Application;
			sourceTree = "<group>";
		};
		2B2F54E51DBD57D400394E75 /* Common */ = {
			isa = PBXGroup;
			children = (
				2B25F72B1DDBDEE0005D6880 /* Misc */,
			);
			name = Common;
			sourceTree = "<group>";
		};
		2B2F54E61DBD57D900394E75 /* Review List */ = {
			isa = PBXGroup;
			children = (
			);
			name = "Review List";
			sourceTree = "<group>";
		};
		2B2F54E71DBD57E300394E75 /* Review */ = {
			isa = PBXGroup;
			children = (
				2B91A1A61DE55D5B00F79AC2 /* Model */,
				2B91A1A51DE55D5200F79AC2 /* View */,
				2B91A1A41DE55D4B00F79AC2 /* Controller */,
			);
			name = Review;
			sourceTree = "<group>";
		};
		2B2F54E81DBD57E900394E75 /* Location */ = {
			isa = PBXGroup;
			children = (
				2B26B32B1DD4A6EF00C3115B /* Model */,
				2B26B32D1DD4A70700C3115B /* View */,
				2B26B32C1DD4A6F400C3115B /* Controller */,
			);
			name = Location;
			sourceTree = "<group>";
		};
		2B2F54E91DBD57EE00394E75 /* Map */ = {
			isa = PBXGroup;
			children = (
				2B25F71D1DDBC98E005D6880 /* Model */,
				2B25F71C1DDBC942005D6880 /* Controller */,
			);
			name = Map;
			sourceTree = "<group>";
		};
		2B2F54EA1DBD57F300394E75 /* Restaurant */ = {
			isa = PBXGroup;
			children = (
				2B25F7311DDBEB84005D6880 /* Restaurant Detail */,
				2BD9469A1DC95C85009FECE1 /* Restaurant List */,
			);
			name = Restaurant;
			sourceTree = "<group>";
		};
		2B2F54EB1DBD57FA00394E75 /* Explore */ = {
			isa = PBXGroup;
			children = (
				2BBAD4D81DC77BE000A9E504 /* Model */,
				2BBAD4D71DC77BDD00A9E504 /* View */,
				2BBAD4D61DC77BD700A9E504 /* Controller */,
			);
			name = Explore;
			sourceTree = "<group>";
		};
		2B2F54EC1DBD580600394E75 /* Main */ = {
			isa = PBXGroup;
			children = (
				2BA93BF31DBBD6880038396F /* AppDelegate.swift */,
			);
			name = Main;
			sourceTree = "<group>";
		};
		2B2F54ED1DBD5FA500394E75 /* Storyboard */ = {
			isa = PBXGroup;
			children = (
				2B26B3251DD4A12100C3115B /* Explore.storyboard */,
				2B25F7281DDBDC27005D6880 /* RestaurantDetail.storyboard */,
				2B26B3261DD4A12100C3115B /* Main.storyboard */,
				2B26B3271DD4A12100C3115B /* Map.storyboard */,
				2BA93BFC1DBBD6880038396F /* LaunchScreen.storyboard */,
			);
			name = Storyboard;
			sourceTree = "<group>";
		};
		2B2F54EE1DBD5FBC00394E75 /* Images */ = {
			isa = PBXGroup;
			children = (
			);
			name = Images;
			sourceTree = "<group>";
		};
		2B91A1821DE522B900F79AC2 /* API Manager */ = {
			isa = PBXGroup;
			children = (
				2B91A1801DE5176C00F79AC2 /* RestaurantAPIManager.swift */,
				2B91A1831DE522C100F79AC2 /* json */,
			);
			name = "API Manager";
			sourceTree = "<group>";
		};
		2B91A1831DE522C100F79AC2 /* json */ = {
			isa = PBXGroup;
			children = (
				2B91A1841DE522F800F79AC2 /* Aspen.json */,
				2B91A1851DE522F800F79AC2 /* Boston.json */,
				2B91A1861DE522F800F79AC2 /* Charleston.json */,
				2B91A1871DE522F800F79AC2 /* Chicago.json */,
				2B91A1881DE522F800F79AC2 /* Houston.json */,
				2B91A1891DE522F800F79AC2 /* Las Vegas.json */,
				2B91A18A1DE522F800F79AC2 /* Los Angeles.json */,
				2B91A18B1DE522F800F79AC2 /* Miami.json */,
				2B91A18C1DE522F800F79AC2 /* New Orleans.json */,
				2B91A18D1DE522F800F79AC2 /* New York.json */,
				2B91A18E1DE522F800F79AC2 /* Philadelphia.json */,
				2B91A18F1DE522F800F79AC2 /* Portland.json */,
				2B91A1901DE522F800F79AC2 /* San Antonio.json */,
				2B91A1911DE522F800F79AC2 /* San Francisco.json */,
			);
			name = json;
			sourceTree = "<group>";
		};
		2B91A1A41DE55D4B00F79AC2 /* Controller */ = {
			isa = PBXGroup;
			children = (
				2B91A1B01DE5607B00F79AC2 /* Apply Filter */,
				2B91A1AF1DE5607300F79AC2 /* Star Rating */,
				2B91A1A71DE55D7200F79AC2 /* CreateReviewViewController.swift */,
			);
			name = Controller;
			sourceTree = "<group>";
		};
		2B91A1A51DE55D5200F79AC2 /* View */ = {
			isa = PBXGroup;
			children = (
			);
			name = View;
			sourceTree = "<group>";
		};
		2B91A1A61DE55D5B00F79AC2 /* Model */ = {
			isa = PBXGroup;
			children = (
				2B91A1A91DE55FD100F79AC2 /* FilterData.plist */,
				2B91A1AB1DE55FE700F79AC2 /* FilterItem.swift */,
				2B91A1AD1DE55FF900F79AC2 /* FilterManager.swift */,
				2B91A1B11DE560A900F79AC2 /* ImageFiltering.swift */,
				2B91A1B31DE560E600F79AC2 /* PhotoItem.swift */,
			);
			name = Model;
			sourceTree = "<group>";
		};
		2B91A1AF1DE5607300F79AC2 /* Star Rating */ = {
			isa = PBXGroup;
			children = (
			);
			name = "Star Rating";
			sourceTree = "<group>";
		};
		2B91A1B01DE5607B00F79AC2 /* Apply Filter */ = {
			isa = PBXGroup;
			children = (
				2B91A1B51DE5611D00F79AC2 /* ApplyFilterViewController.swift */,
			);
			name = "Apply Filter";
			sourceTree = "<group>";
		};
		2BA93BE71DBBD6870038396F = {
			isa = PBXGroup;
			children = (
				2BA93BF21DBBD6880038396F /* LetsEat */,
				2BA93BF11DBBD6880038396F /* Products */,
				2B2F54D81DBD421C00394E75 /* Frameworks */,
			);
			sourceTree = "<group>";
		};
		2BA93BF11DBBD6880038396F /* Products */ = {
			isa = PBXGroup;
			children = (
				2BA93BF01DBBD6880038396F /* LetsEat.app */,
			);
			name = Products;
			sourceTree = "<group>";
		};
		2BA93BF21DBBD6880038396F /* LetsEat */ = {
			isa = PBXGroup;
			children = (
				2B2F54E41DBD573400394E75 /* Application */,
				2B2F54E31DBD570F00394E75 /* Assets */,
			);
			path = LetsEat;
			sourceTree = "<group>";
		};
		2BBAD4D61DC77BD700A9E504 /* Controller */ = {
			isa = PBXGroup;
			children = (
				2BBAD4D91DC77E2E00A9E504 /* ExploreViewController.swift */,
			);
			name = Controller;
			sourceTree = "<group>";
		};
		2BBAD4D71DC77BDD00A9E504 /* View */ = {
			isa = PBXGroup;
			children = (
				2BD946911DC94733009FECE1 /* ExploreCell.swift */,
			);
			name = View;
			sourceTree = "<group>";
		};
		2BBAD4D81DC77BE000A9E504 /* Model */ = {
			isa = PBXGroup;
			children = (
				2BD9468F1DC92F05009FECE1 /* ExploreData.plist */,
				2BD9468B1DC927E2009FECE1 /* ExploreItem.swift */,
				2BD9468D1DC928E6009FECE1 /* ExploreDataManager.swift */,
			);
			name = Model;
			sourceTree = "<group>";
		};
		2BD9469A1DC95C85009FECE1 /* Restaurant List */ = {
			isa = PBXGroup;
			children = (
				2B25F72E1DDBE256005D6880 /* Model */,
				2BD9469C1DC95C95009FECE1 /* View */,
				2BD9469B1DC95C8D009FECE1 /* Controller */,
			);
			name = "Restaurant List";
			sourceTree = "<group>";
		};
		2BD9469B1DC95C8D009FECE1 /* Controller */ = {
			isa = PBXGroup;
			children = (
				2BD9469D1DC95C9E009FECE1 /* RestaurantListViewController.swift */,
			);
			name = Controller;
			sourceTree = "<group>";
		};
		2BD9469C1DC95C95009FECE1 /* View */ = {
			isa = PBXGroup;
			children = (
				2B91A1A01DE523C500F79AC2 /* RestaurantCell.swift */,
			);
			name = View;
			sourceTree = "<group>";
		};
/* End PBXGroup section */

/* Begin PBXNativeTarget section */
		2BA93BEF1DBBD6880038396F /* LetsEat */ = {
			isa = PBXNativeTarget;
			buildConfigurationList = 2BA93C021DBBD6880038396F /* Build configuration list for PBXNativeTarget "LetsEat" */;
			buildPhases = (
				2BA93BEC1DBBD6880038396F /* Sources */,
				2BA93BED1DBBD6880038396F /* Frameworks */,
				2BA93BEE1DBBD6880038396F /* Resources */,
			);
			buildRules = (
			);
			dependencies = (
			);
			name = LetsEat;
			productName = LetsEat;
			productReference = 2BA93BF01DBBD6880038396F /* LetsEat.app */;
			productType = "com.apple.product-type.application";
		};
/* End PBXNativeTarget section */

/* Begin PBXProject section */
		2BA93BE81DBBD6870038396F /* Project object */ = {
			isa = PBXProject;
			attributes = {
				LastSwiftUpdateCheck = 0800;
				LastUpgradeCheck = 0800;
				ORGANIZATIONNAME = "Craig Clayton";
				TargetAttributes = {
					2BA93BEF1DBBD6880038396F = {
						CreatedOnToolsVersion = 8.0;
						DevelopmentTeam = BCKVL9BZPW;
						ProvisioningStyle = Automatic;
					};
				};
			};
			buildConfigurationList = 2BA93BEB1DBBD6870038396F /* Build configuration list for PBXProject "LetsEat" */;
			compatibilityVersion = "Xcode 3.2";
			developmentRegion = English;
			hasScannedForEncodings = 0;
			knownRegions = (
				en,
				Base,
			);
			mainGroup = 2BA93BE71DBBD6870038396F;
			productRefGroup = 2BA93BF11DBBD6880038396F /* Products */;
			projectDirPath = "";
			projectRoot = "";
			targets = (
				2BA93BEF1DBBD6880038396F /* LetsEat */,
			);
		};
/* End PBXProject section */

/* Begin PBXResourcesBuildPhase section */
		2BA93BEE1DBBD6880038396F /* Resources */ = {
			isa = PBXResourcesBuildPhase;
			buildActionMask = 2147483647;
			files = (
				2B25F7231DDBCF14005D6880 /* MapLocations.plist in Resources */,
				2B26B3281DD4A12100C3115B /* Explore.storyboard in Resources */,
				2B26B3291DD4A12100C3115B /* Main.storyboard in Resources */,
				2B91A19D1DE522F800F79AC2 /* Portland.json in Resources */,
				2B91A1921DE522F800F79AC2 /* Aspen.json in Resources */,
				2BA93BFE1DBBD6880038396F /* LaunchScreen.storyboard in Resources */,
				2B91A19E1DE522F800F79AC2 /* San Antonio.json in Resources */,
				2B91A1981DE522F800F79AC2 /* Los Angeles.json in Resources */,
				2B91A1931DE522F800F79AC2 /* Boston.json in Resources */,
				2B91A1971DE522F800F79AC2 /* Las Vegas.json in Resources */,
				2B91A19B1DE522F800F79AC2 /* New York.json in Resources */,
				2B91A1941DE522F800F79AC2 /* Charleston.json in Resources */,
				2B91A1951DE522F800F79AC2 /* Chicago.json in Resources */,
				2B91A1991DE522F800F79AC2 /* Miami.json in Resources */,
				2B26B3311DD4ABF100C3115B /* Locations.plist in Resources */,
				2BC8A5321DBBDE950036272A /* Assets.xcassets in Resources */,
				2B91A19C1DE522F800F79AC2 /* Philadelphia.json in Resources */,
				2B91A1961DE522F800F79AC2 /* Houston.json in Resources */,
				2B91A1AA1DE55FD100F79AC2 /* FilterData.plist in Resources */,
				2B91A19A1DE522F800F79AC2 /* New Orleans.json in Resources */,
				2BD946901DC92F05009FECE1 /* ExploreData.plist in Resources */,
				2B91A19F1DE522F800F79AC2 /* San Francisco.json in Resources */,
				2B25F7291DDBDC27005D6880 /* RestaurantDetail.storyboard in Resources */,
				2B26B32A1DD4A12100C3115B /* Map.storyboard in Resources */,
			);
			runOnlyForDeploymentPostprocessing = 0;
		};
/* End PBXResourcesBuildPhase section */

/* Begin PBXSourcesBuildPhase section */
		2BA93BEC1DBBD6880038396F /* Sources */ = {
			isa = PBXSourcesBuildPhase;
			buildActionMask = 2147483647;
			files = (
				2B26B32F1DD4A72000C3115B /* LocationViewController.swift in Sources */,
				2B25F71F1DDBC9B2005D6880 /* RestaurantAnnotation.swift in Sources */,
				2B91A1B21DE560A900F79AC2 /* ImageFiltering.swift in Sources */,
				2BD946921DC94733009FECE1 /* ExploreCell.swift in Sources */,
				2B91A1811DE5176C00F79AC2 /* RestaurantAPIManager.swift in Sources */,
				2B26B3331DD4AC1200C3115B /* LocationDataManager.swift in Sources */,
				2B91A1AE1DE55FF900F79AC2 /* FilterManager.swift in Sources */,
				2B25F72D1DDBDEF1005D6880 /* Segue.swift in Sources */,
				2B91A1A11DE523C500F79AC2 /* RestaurantCell.swift in Sources */,
				2B25F7211DDBCBE7005D6880 /* MapDataManager.swift in Sources */,
				2BD9469E1DC95C9E009FECE1 /* RestaurantListViewController.swift in Sources */,
				2B25F7341DDBEBAC005D6880 /* RestaurantDetailViewController.swift in Sources */,
				2BBAD4DA1DC77E2E00A9E504 /* ExploreViewController.swift in Sources */,
				2B91A1B61DE5611D00F79AC2 /* ApplyFilterViewController.swift in Sources */,
				2B91A1B41DE560E600F79AC2 /* PhotoItem.swift in Sources */,
				2B25F7271DDBD681005D6880 /* MapViewController.swift in Sources */,
				2B91A1AC1DE55FE700F79AC2 /* FilterItem.swift in Sources */,
				2BA93BF41DBBD6880038396F /* AppDelegate.swift in Sources */,
				2B91A1A81DE55D7200F79AC2 /* CreateReviewViewController.swift in Sources */,
				2B25F7251DDBCFE0005D6880 /* DataManager.swift in Sources */,
				2B91A1A31DE527FE00F79AC2 /* RestaurantDataManager.swift in Sources */,
				2B25F7301DDBE26A005D6880 /* RestaurantItem.swift in Sources */,
				2BD9468C1DC927E2009FECE1 /* ExploreItem.swift in Sources */,
				2BD9468E1DC928E6009FECE1 /* ExploreDataManager.swift in Sources */,
			);
			runOnlyForDeploymentPostprocessing = 0;
		};
/* End PBXSourcesBuildPhase section */

/* Begin PBXVariantGroup section */
		2BA93BFC1DBBD6880038396F /* LaunchScreen.storyboard */ = {
			isa = PBXVariantGroup;
			children = (
				2BA93BFD1DBBD6880038396F /* Base */,
			);
			name = LaunchScreen.storyboard;
			sourceTree = "<group>";
		};
/* End PBXVariantGroup section */

/* Begin XCBuildConfiguration section */
		2BA93C001DBBD6880038396F /* Debug */ = {
			isa = XCBuildConfiguration;
			buildSettings = {
				ALWAYS_SEARCH_USER_PATHS = NO;
				CLANG_ANALYZER_NONNULL = YES;
				CLANG_CXX_LANGUAGE_STANDARD = "gnu++0x";
				CLANG_CXX_LIBRARY = "libc++";
				CLANG_ENABLE_MODULES = YES;
				CLANG_ENABLE_OBJC_ARC = YES;
				CLANG_WARN_BOOL_CONVERSION = YES;
				CLANG_WARN_CONSTANT_CONVERSION = YES;
				CLANG_WARN_DIRECT_OBJC_ISA_USAGE = YES_ERROR;
				CLANG_WARN_DOCUMENTATION_COMMENTS = YES;
				CLANG_WARN_EMPTY_BODY = YES;
				CLANG_WARN_ENUM_CONVERSION = YES;
				CLANG_WARN_INFINITE_RECURSION = YES;
				CLANG_WARN_INT_CONVERSION = YES;
				CLANG_WARN_OBJC_ROOT_CLASS = YES_ERROR;
				CLANG_WARN_SUSPICIOUS_MOVES = YES;
				CLANG_WARN_UNREACHABLE_CODE = YES;
				CLANG_WARN__DUPLICATE_METHOD_MATCH = YES;
				"CODE_SIGN_IDENTITY[sdk=iphoneos*]" = "iPhone Developer";
				COPY_PHASE_STRIP = NO;
				DEBUG_INFORMATION_FORMAT = dwarf;
				ENABLE_STRICT_OBJC_MSGSEND = YES;
				ENABLE_TESTABILITY = YES;
				GCC_C_LANGUAGE_STANDARD = gnu99;
				GCC_DYNAMIC_NO_PIC = NO;
				GCC_NO_COMMON_BLOCKS = YES;
				GCC_OPTIMIZATION_LEVEL = 0;
				GCC_PREPROCESSOR_DEFINITIONS = (
					"DEBUG=1",
					"$(inherited)",
				);
				GCC_WARN_64_TO_32_BIT_CONVERSION = YES;
				GCC_WARN_ABOUT_RETURN_TYPE = YES_ERROR;
				GCC_WARN_UNDECLARED_SELECTOR = YES;
				GCC_WARN_UNINITIALIZED_AUTOS = YES_AGGRESSIVE;
				GCC_WARN_UNUSED_FUNCTION = YES;
				GCC_WARN_UNUSED_VARIABLE = YES;
				IPHONEOS_DEPLOYMENT_TARGET = 10.0;
				MTL_ENABLE_DEBUG_INFO = YES;
				ONLY_ACTIVE_ARCH = YES;
				SDKROOT = iphoneos;
				SWIFT_ACTIVE_COMPILATION_CONDITIONS = DEBUG;
				SWIFT_OPTIMIZATION_LEVEL = "-Onone";
				TARGETED_DEVICE_FAMILY = "1,2";
			};
			name = Debug;
		};
		2BA93C011DBBD6880038396F /* Release */ = {
			isa = XCBuildConfiguration;
			buildSettings = {
				ALWAYS_SEARCH_USER_PATHS = NO;
				CLANG_ANALYZER_NONNULL = YES;
				CLANG_CXX_LANGUAGE_STANDARD = "gnu++0x";
				CLANG_CXX_LIBRARY = "libc++";
				CLANG_ENABLE_MODULES = YES;
				CLANG_ENABLE_OBJC_ARC = YES;
				CLANG_WARN_BOOL_CONVERSION = YES;
				CLANG_WARN_CONSTANT_CONVERSION = YES;
				CLANG_WARN_DIRECT_OBJC_ISA_USAGE = YES_ERROR;
				CLANG_WARN_DOCUMENTATION_COMMENTS = YES;
				CLANG_WARN_EMPTY_BODY = YES;
				CLANG_WARN_ENUM_CONVERSION = YES;
				CLANG_WARN_INFINITE_RECURSION = YES;
				CLANG_WARN_INT_CONVERSION = YES;
				CLANG_WARN_OBJC_ROOT_CLASS = YES_ERROR;
				CLANG_WARN_SUSPICIOUS_MOVES = YES;
				CLANG_WARN_UNREACHABLE_CODE = YES;
				CLANG_WARN__DUPLICATE_METHOD_MATCH = YES;
				"CODE_SIGN_IDENTITY[sdk=iphoneos*]" = "iPhone Developer";
				COPY_PHASE_STRIP = NO;
				DEBUG_INFORMATION_FORMAT = "dwarf-with-dsym";
				ENABLE_NS_ASSERTIONS = NO;
				ENABLE_STRICT_OBJC_MSGSEND = YES;
				GCC_C_LANGUAGE_STANDARD = gnu99;
				GCC_NO_COMMON_BLOCKS = YES;
				GCC_WARN_64_TO_32_BIT_CONVERSION = YES;
				GCC_WARN_ABOUT_RETURN_TYPE = YES_ERROR;
				GCC_WARN_UNDECLARED_SELECTOR = YES;
				GCC_WARN_UNINITIALIZED_AUTOS = YES_AGGRESSIVE;
				GCC_WARN_UNUSED_FUNCTION = YES;
				GCC_WARN_UNUSED_VARIABLE = YES;
				IPHONEOS_DEPLOYMENT_TARGET = 10.0;
				MTL_ENABLE_DEBUG_INFO = NO;
				SDKROOT = iphoneos;
				SWIFT_OPTIMIZATION_LEVEL = "-Owholemodule";
				TARGETED_DEVICE_FAMILY = "1,2";
				VALIDATE_PRODUCT = YES;
			};
			name = Release;
		};
		2BA93C031DBBD6880038396F /* Debug */ = {
			isa = XCBuildConfiguration;
			buildSettings = {
				ASSETCATALOG_COMPILER_APPICON_NAME = AppIcon;
				DEVELOPMENT_TEAM = BCKVL9BZPW;
				INFOPLIST_FILE = LetsEat/Info.plist;
				LD_RUNPATH_SEARCH_PATHS = "$(inherited) @executable_path/Frameworks";
				PRODUCT_BUNDLE_IDENTIFIER = academy.cocoa.LetsEat;
				PRODUCT_NAME = "$(TARGET_NAME)";
				SWIFT_VERSION = 3.0;
			};
			name = Debug;
		};
		2BA93C041DBBD6880038396F /* Release */ = {
			isa = XCBuildConfiguration;
			buildSettings = {
				ASSETCATALOG_COMPILER_APPICON_NAME = AppIcon;
				DEVELOPMENT_TEAM = BCKVL9BZPW;
				INFOPLIST_FILE = LetsEat/Info.plist;
				LD_RUNPATH_SEARCH_PATHS = "$(inherited) @executable_path/Frameworks";
				PRODUCT_BUNDLE_IDENTIFIER = academy.cocoa.LetsEat;
				PRODUCT_NAME = "$(TARGET_NAME)";
				SWIFT_VERSION = 3.0;
			};
			name = Release;
		};
/* End XCBuildConfiguration section */

/* Begin XCConfigurationList section */
		2BA93BEB1DBBD6870038396F /* Build configuration list for PBXProject "LetsEat" */ = {
			isa = XCConfigurationList;
			buildConfigurations = (
				2BA93C001DBBD6880038396F /* Debug */,
				2BA93C011DBBD6880038396F /* Release */,
			);
			defaultConfigurationIsVisible = 0;
			defaultConfigurationName = Release;
		};
		2BA93C021DBBD6880038396F /* Build configuration list for PBXNativeTarget "LetsEat" */ = {
			isa = XCConfigurationList;
			buildConfigurations = (
				2BA93C031DBBD6880038396F /* Debug */,
				2BA93C041DBBD6880038396F /* Release */,
			);
			defaultConfigurationIsVisible = 0;
			defaultConfigurationName = Release;
		};
/* End XCConfigurationList section */
	};
	rootObject = 2BA93BE81DBBD6870038396F /* Project object */;
}
